{
  "version": 4,
  "terraform_version": "1.7.3",
  "serial": 39,
  "lineage": "ef3a3d6e-5f43-22c1-8dca-c10e7737dfae",
  "outputs": {
    "nginx_public_ip": {
      "value": "3.84.183.220",
      "type": "string"
    }
  },
  "resources": [
    {
      "module": "module.compute_instances",
      "mode": "managed",
      "type": "aws_autoscaling_group",
      "name": "web_servers_asg",
      "provider": "provider[\"registry.terraform.io/hashicorp/aws\"]",
      "instances": [
        {
          "schema_version": 1,
          "attributes": {
            "arn": "arn:aws:autoscaling:us-east-1:767397724303:autoScalingGroup:e6dc6f55-b960-46b8-ab79-3452d42d70c8:autoScalingGroupName/web_servers_asg",
            "availability_zones": [
              "us-east-1a"
            ],
            "capacity_rebalance": false,
            "context": "",
            "default_cooldown": 300,
            "default_instance_warmup": 0,
            "desired_capacity": 3,
            "desired_capacity_type": "",
            "enabled_metrics": [],
            "force_delete": false,
            "force_delete_warm_pool": false,
            "health_check_grace_period": 300,
            "health_check_type": "EC2",
            "id": "web_servers_asg",
            "ignore_failed_scaling_activities": false,
            "initial_lifecycle_hook": [],
            "instance_maintenance_policy": [],
            "instance_refresh": [],
            "launch_configuration": "",
            "launch_template": [
              {
                "id": "lt-035a303f716745b70",
                "name": "web_servers20240224052959866300000004",
                "version": "$Latest"
              }
            ],
            "load_balancers": [],
            "max_instance_lifetime": 0,
            "max_size": 3,
            "metrics_granularity": "1Minute",
            "min_elb_capacity": null,
            "min_size": 3,
            "mixed_instances_policy": [],
            "name": "web_servers_asg",
            "name_prefix": "",
            "placement_group": "",
            "predicted_capacity": 0,
            "protect_from_scale_in": false,
            "service_linked_role_arn": "arn:aws:iam::767397724303:role/aws-service-role/autoscaling.amazonaws.com/AWSServiceRoleForAutoScaling",
            "suspended_processes": [],
            "tag": [],
            "target_group_arns": [],
            "termination_policies": [],
            "timeouts": null,
            "traffic_source": [],
            "vpc_zone_identifier": [
              "subnet-0df32371093fc81b1"
            ],
            "wait_for_capacity_timeout": "10m",
            "wait_for_elb_capacity": null,
            "warm_pool": [],
            "warm_pool_size": 0
          },
          "sensitive_attributes": [],
          "private": "eyJlMmJmYjczMC1lY2FhLTExZTYtOGY4OC0zNDM2M2JjN2M0YzAiOnsiZGVsZXRlIjo2MDAwMDAwMDAwMDAsInVwZGF0ZSI6NjAwMDAwMDAwMDAwfSwic2NoZW1hX3ZlcnNpb24iOiIxIn0=",
          "dependencies": [
            "module.compute_instances.aws_key_pair.local_key_pair",
            "module.compute_instances.aws_launch_template.web_servers_launch_tmp",
            "module.networking.aws_subnet.public",
            "module.networking.aws_vpc.main_vpc",
            "module.security_groups.aws_security_group.private_security_group",
            "module.security_groups.aws_security_group.public_security_group"
          ]
        }
      ]
    },
    {
      "module": "module.compute_instances",
      "mode": "managed",
      "type": "aws_instance",
      "name": "nginx_server",
      "provider": "provider[\"registry.terraform.io/hashicorp/aws\"]",
      "instances": [
        {
          "schema_version": 1,
          "attributes": {
            "ami": "ami-0c7217cdde317cfec",
            "arn": "arn:aws:ec2:us-east-1:767397724303:instance/i-013a4bb1278169e3b",
            "associate_public_ip_address": true,
            "availability_zone": "us-east-1a",
            "capacity_reservation_specification": [
              {
                "capacity_reservation_preference": "open",
                "capacity_reservation_target": []
              }
            ],
            "cpu_core_count": 1,
            "cpu_options": [
              {
                "amd_sev_snp": "",
                "core_count": 1,
                "threads_per_core": 1
              }
            ],
            "cpu_threads_per_core": 1,
            "credit_specification": [
              {
                "cpu_credits": "standard"
              }
            ],
            "disable_api_stop": false,
            "disable_api_termination": false,
            "ebs_block_device": [],
            "ebs_optimized": false,
            "enclave_options": [
              {
                "enabled": false
              }
            ],
            "ephemeral_block_device": [],
            "get_password_data": false,
            "hibernation": false,
            "host_id": "",
            "host_resource_group_arn": null,
            "iam_instance_profile": "",
            "id": "i-013a4bb1278169e3b",
            "instance_initiated_shutdown_behavior": "stop",
            "instance_lifecycle": "",
            "instance_market_options": [],
            "instance_state": "running",
            "instance_type": "t2.micro",
            "ipv6_address_count": 0,
            "ipv6_addresses": [],
            "key_name": "local_key_pair",
            "launch_template": [],
            "maintenance_options": [
              {
                "auto_recovery": "default"
              }
            ],
            "metadata_options": [
              {
                "http_endpoint": "enabled",
                "http_protocol_ipv6": "disabled",
                "http_put_response_hop_limit": 1,
                "http_tokens": "optional",
                "instance_metadata_tags": "disabled"
              }
            ],
            "monitoring": false,
            "network_interface": [],
            "outpost_arn": "",
            "password_data": "",
            "placement_group": "",
            "placement_partition_number": 0,
            "primary_network_interface_id": "eni-09702cf4513db1884",
            "private_dns": "ip-10-0-1-105.ec2.internal",
            "private_dns_name_options": [
              {
                "enable_resource_name_dns_a_record": false,
                "enable_resource_name_dns_aaaa_record": false,
                "hostname_type": "ip-name"
              }
            ],
            "private_ip": "10.0.1.105",
            "public_dns": "",
            "public_ip": "3.84.183.220",
            "root_block_device": [
              {
                "delete_on_termination": true,
                "device_name": "/dev/sda1",
                "encrypted": false,
                "iops": 100,
                "kms_key_id": "",
                "tags": {},
                "throughput": 0,
                "volume_id": "vol-01fa2d82fe247b510",
                "volume_size": 8,
                "volume_type": "gp2"
              }
            ],
            "secondary_private_ips": [],
            "security_groups": [],
            "source_dest_check": true,
            "spot_instance_request_id": "",
            "subnet_id": "subnet-0df32371093fc81b1",
            "tags": {
              "Name": "nginx_server"
            },
            "tags_all": {
              "Name": "nginx_server"
            },
            "tenancy": "default",
            "timeouts": null,
            "user_data": null,
            "user_data_base64": null,
            "user_data_replace_on_change": false,
            "volume_tags": null,
            "vpc_security_group_ids": [
              "sg-083f5a6c4787cbc3b"
            ]
          },
          "sensitive_attributes": [],
          "private": "eyJlMmJmYjczMC1lY2FhLTExZTYtOGY4OC0zNDM2M2JjN2M0YzAiOnsiY3JlYXRlIjo2MDAwMDAwMDAwMDAsImRlbGV0ZSI6MTIwMDAwMDAwMDAwMCwidXBkYXRlIjo2MDAwMDAwMDAwMDB9LCJzY2hlbWFfdmVyc2lvbiI6IjEifQ==",
          "dependencies": [
            "module.compute_instances.aws_key_pair.local_key_pair",
            "module.networking.aws_subnet.public",
            "module.networking.aws_vpc.main_vpc",
            "module.security_groups.aws_security_group.public_security_group"
          ]
        }
      ]
    },
    {
      "module": "module.compute_instances",
      "mode": "managed",
      "type": "aws_key_pair",
      "name": "local_key_pair",
      "provider": "provider[\"registry.terraform.io/hashicorp/aws\"]",
      "instances": [
        {
          "schema_version": 1,
          "attributes": {
            "arn": "arn:aws:ec2:us-east-1:767397724303:key-pair/local_key_pair",
            "fingerprint": "31:ad:0c:17:20:a0:df:37:3f:eb:74:8e:23:e4:7e:81",
            "id": "local_key_pair",
            "key_name": "local_key_pair",
            "key_name_prefix": "",
            "key_pair_id": "key-077979b05d1681860",
            "key_type": "rsa",
            "public_key": "ssh-rsa AAAAB3NzaC1yc2EAAAADAQABAAACAQC7U0gAnctugv+9kUXYqqty80Y5Q8GWyv9LJ87yusPaFUCTF3YutOt3SFNjs/t7riMih5/2PNHV+egJZxjcOC85F35gqLRmbC603ncpCLFubPJUYb+ciF3xqKMXv+rtXwOcMs1Im+KYCZ7KRkZ5wBvOR2gfcp3ErDtx8RPDnbkjaj10LEU4wzZ8qmRiCIvVnqP0KVCf/b25U9sL5feBVSfLyf56Ww4Q6qvKD+5U8LAvKrVrS9ukicmSnTWPRNe0bTTgHBaZzB5u0aFXJCZ5TMXxsaqRTC4J+u81Fj1l+TxiE0l5e6/egcBAzqGx75+r/URbY3Z4JNHYTbM9s8L9cJdthc7QbJB6lZ9JPw6eIOZO5J7ca90surIwokTYbKJ9H+LtqvTQWmZhonTgMZm8+7XGZlyu6BJrLQ0C+OWkkXuoG/Lgwhr6O+rl/IlXxv4qXRocuB2SgSULy9+7oL8QQmlGnNEK3+KIX/+PyOl5wQiDQTSgXsDgAchv1M7MXdW7VzpNWFj8Yd8Jlf3XJZdqJ1+Y916ruflx8dI5SwsP91/GpgjgnHuW3bjdKmP6UwZrrhISddtHxbJ53ZP2xdBGw/yRE5Lr3I/lb5zDWrFkYl63qvEWFdXd2A9/y9y2TwiWSm5tOHvPC54jM0mu1/AL60wZ2muHgeV205vepogLqfN+Aw== tharindu-107455@tharindu-laptop",
            "tags": {},
            "tags_all": {}
          },
          "sensitive_attributes": [],
          "private": "eyJzY2hlbWFfdmVyc2lvbiI6IjEifQ=="
        }
      ]
    },
    {
      "module": "module.compute_instances",
      "mode": "managed",
      "type": "aws_launch_template",
      "name": "web_servers_launch_tmp",
      "provider": "provider[\"registry.terraform.io/hashicorp/aws\"]",
      "instances": [
        {
          "schema_version": 0,
          "attributes": {
            "arn": "arn:aws:ec2:us-east-1:767397724303:launch-template/lt-035a303f716745b70",
            "block_device_mappings": [],
            "capacity_reservation_specification": [],
            "cpu_options": [],
            "credit_specification": [],
            "default_version": 1,
            "description": "",
            "disable_api_stop": false,
            "disable_api_termination": false,
            "ebs_optimized": "",
            "elastic_gpu_specifications": [],
            "elastic_inference_accelerator": [],
            "enclave_options": [],
            "hibernation_options": [],
            "iam_instance_profile": [],
            "id": "lt-035a303f716745b70",
            "image_id": "ami-0c7217cdde317cfec",
            "instance_initiated_shutdown_behavior": "",
            "instance_market_options": [],
            "instance_requirements": [],
            "instance_type": "t2.micro",
            "kernel_id": "",
            "key_name": "local_key_pair",
            "latest_version": 1,
            "license_specification": [],
            "maintenance_options": [],
            "metadata_options": [],
            "monitoring": [],
            "name": "web_servers20240224052959866300000004",
            "name_prefix": "web_servers",
            "network_interfaces": [],
            "placement": [],
            "private_dns_name_options": [],
            "ram_disk_id": "",
            "security_group_names": [],
            "tag_specifications": [],
            "tags": {
              "Name": "web_servers_launch_tmp"
            },
            "tags_all": {
              "Name": "web_servers_launch_tmp"
            },
            "update_default_version": null,
            "user_data": "",
            "vpc_security_group_ids": [
              "sg-0b6fad10563a97804"
            ]
          },
          "sensitive_attributes": [],
          "private": "bnVsbA==",
          "dependencies": [
            "module.compute_instances.aws_key_pair.local_key_pair",
            "module.networking.aws_vpc.main_vpc",
            "module.security_groups.aws_security_group.private_security_group",
            "module.security_groups.aws_security_group.public_security_group"
          ]
        }
      ]
    },
    {
      "module": "module.networking",
      "mode": "managed",
      "type": "aws_default_route_table",
      "name": "private",
      "provider": "provider[\"registry.terraform.io/hashicorp/aws\"]",
      "instances": [
        {
          "schema_version": 0,
          "attributes": {
            "arn": "arn:aws:ec2:us-east-1:767397724303:route-table/rtb-08086b30ff862e330",
            "default_route_table_id": "rtb-08086b30ff862e330",
            "id": "rtb-08086b30ff862e330",
            "owner_id": "767397724303",
            "propagating_vgws": [],
            "route": [],
            "tags": {
              "Name": "private_default_route_table"
            },
            "tags_all": {
              "Name": "private_default_route_table"
            },
            "timeouts": null,
            "vpc_id": "vpc-06c662aa27eb53332"
          },
          "sensitive_attributes": [],
          "private": "eyJlMmJmYjczMC1lY2FhLTExZTYtOGY4OC0zNDM2M2JjN2M0YzAiOnsiY3JlYXRlIjoxMjAwMDAwMDAwMDAsInVwZGF0ZSI6MTIwMDAwMDAwMDAwfX0=",
          "dependencies": [
            "module.networking.aws_vpc.main_vpc"
          ]
        }
      ]
    },
    {
      "module": "module.networking",
      "mode": "managed",
      "type": "aws_eip",
      "name": "nat_eip",
      "provider": "provider[\"registry.terraform.io/hashicorp/aws\"]",
      "instances": [
        {
          "schema_version": 0,
          "attributes": {
            "address": null,
            "allocation_id": "eipalloc-0034a19d166aa5380",
            "associate_with_private_ip": null,
            "association_id": "eipassoc-0381b19c881da8ecd",
            "carrier_ip": "",
            "customer_owned_ip": "",
            "customer_owned_ipv4_pool": "",
            "domain": "vpc",
            "id": "eipalloc-0034a19d166aa5380",
            "instance": "",
            "network_border_group": "us-east-1",
            "network_interface": "eni-01837a03e0c83058d",
            "private_dns": "ip-10-0-1-69.ec2.internal",
            "private_ip": "10.0.1.69",
            "public_dns": "ec2-44-217-135-187.compute-1.amazonaws.com",
            "public_ip": "44.217.135.187",
            "public_ipv4_pool": "amazon",
            "tags": {},
            "tags_all": {},
            "timeouts": null,
            "vpc": true
          },
          "sensitive_attributes": [],
          "private": "eyJlMmJmYjczMC1lY2FhLTExZTYtOGY4OC0zNDM2M2JjN2M0YzAiOnsiZGVsZXRlIjoxODAwMDAwMDAwMDAsInJlYWQiOjkwMDAwMDAwMDAwMCwidXBkYXRlIjozMDAwMDAwMDAwMDB9fQ=="
        }
      ]
    },
    {
      "module": "module.networking",
      "mode": "managed",
      "type": "aws_internet_gateway",
      "name": "internet_gw",
      "provider": "provider[\"registry.terraform.io/hashicorp/aws\"]",
      "instances": [
        {
          "schema_version": 0,
          "attributes": {
            "arn": "arn:aws:ec2:us-east-1:767397724303:internet-gateway/igw-0860e52a1bb5c94c4",
            "id": "igw-0860e52a1bb5c94c4",
            "owner_id": "767397724303",
            "tags": {
              "Name": "main_igw"
            },
            "tags_all": {
              "Name": "main_igw"
            },
            "timeouts": null,
            "vpc_id": "vpc-06c662aa27eb53332"
          },
          "sensitive_attributes": [],
          "private": "eyJlMmJmYjczMC1lY2FhLTExZTYtOGY4OC0zNDM2M2JjN2M0YzAiOnsiY3JlYXRlIjoxMjAwMDAwMDAwMDAwLCJkZWxldGUiOjEyMDAwMDAwMDAwMDAsInVwZGF0ZSI6MTIwMDAwMDAwMDAwMH19",
          "dependencies": [
            "module.networking.aws_vpc.main_vpc"
          ],
          "create_before_destroy": true
        }
      ]
    },
    {
      "module": "module.networking",
      "mode": "managed",
      "type": "aws_nat_gateway",
      "name": "web_svrs_nat_gw",
      "provider": "provider[\"registry.terraform.io/hashicorp/aws\"]",
      "instances": [
        {
          "schema_version": 0,
          "attributes": {
            "allocation_id": "eipalloc-0034a19d166aa5380",
            "association_id": "eipassoc-0381b19c881da8ecd",
            "connectivity_type": "public",
            "id": "nat-04d29e635c086f09e",
            "network_interface_id": "eni-01837a03e0c83058d",
            "private_ip": "10.0.1.69",
            "public_ip": "44.217.135.187",
            "secondary_allocation_ids": [],
            "secondary_private_ip_address_count": 0,
            "secondary_private_ip_addresses": [],
            "subnet_id": "subnet-0df32371093fc81b1",
            "tags": {},
            "tags_all": {},
            "timeouts": null
          },
          "sensitive_attributes": [],
          "private": "eyJlMmJmYjczMC1lY2FhLTExZTYtOGY4OC0zNDM2M2JjN2M0YzAiOnsiY3JlYXRlIjo2MDAwMDAwMDAwMDAsImRlbGV0ZSI6MTgwMDAwMDAwMDAwMCwidXBkYXRlIjo2MDAwMDAwMDAwMDB9fQ==",
          "dependencies": [
            "module.networking.aws_eip.nat_eip",
            "module.networking.aws_subnet.public",
            "module.networking.aws_vpc.main_vpc"
          ]
        }
      ]
    },
    {
      "module": "module.networking",
      "mode": "managed",
      "type": "aws_route",
      "name": "default_private",
      "provider": "provider[\"registry.terraform.io/hashicorp/aws\"]",
      "instances": [
        {
          "schema_version": 0,
          "attributes": {
            "carrier_gateway_id": "",
            "core_network_arn": "",
            "destination_cidr_block": "0.0.0.0/0",
            "destination_ipv6_cidr_block": "",
            "destination_prefix_list_id": "",
            "egress_only_gateway_id": "",
            "gateway_id": "",
            "id": "r-rtb-07363d3f0ec26e1ae1080289494",
            "instance_id": "",
            "instance_owner_id": "",
            "local_gateway_id": "",
            "nat_gateway_id": "nat-04d29e635c086f09e",
            "network_interface_id": "",
            "origin": "CreateRoute",
            "route_table_id": "rtb-07363d3f0ec26e1ae",
            "state": "active",
            "timeouts": null,
            "transit_gateway_id": "",
            "vpc_endpoint_id": "",
            "vpc_peering_connection_id": ""
          },
          "sensitive_attributes": [],
          "private": "eyJlMmJmYjczMC1lY2FhLTExZTYtOGY4OC0zNDM2M2JjN2M0YzAiOnsiY3JlYXRlIjozMDAwMDAwMDAwMDAsImRlbGV0ZSI6MzAwMDAwMDAwMDAwLCJ1cGRhdGUiOjEyMDAwMDAwMDAwMH19",
          "dependencies": [
            "module.networking.aws_eip.nat_eip",
            "module.networking.aws_nat_gateway.web_svrs_nat_gw",
            "module.networking.aws_route_table.private",
            "module.networking.aws_subnet.public",
            "module.networking.aws_vpc.main_vpc"
          ]
        }
      ]
    },
    {
      "module": "module.networking",
      "mode": "managed",
      "type": "aws_route",
      "name": "default_public_route",
      "provider": "provider[\"registry.terraform.io/hashicorp/aws\"]",
      "instances": [
        {
          "schema_version": 0,
          "attributes": {
            "carrier_gateway_id": "",
            "core_network_arn": "",
            "destination_cidr_block": "0.0.0.0/0",
            "destination_ipv6_cidr_block": "",
            "destination_prefix_list_id": "",
            "egress_only_gateway_id": "",
            "gateway_id": "igw-0860e52a1bb5c94c4",
            "id": "r-rtb-0bafe74f7600ebee91080289494",
            "instance_id": "",
            "instance_owner_id": "",
            "local_gateway_id": "",
            "nat_gateway_id": "",
            "network_interface_id": "",
            "origin": "CreateRoute",
            "route_table_id": "rtb-0bafe74f7600ebee9",
            "state": "active",
            "timeouts": null,
            "transit_gateway_id": "",
            "vpc_endpoint_id": "",
            "vpc_peering_connection_id": ""
          },
          "sensitive_attributes": [],
          "private": "eyJlMmJmYjczMC1lY2FhLTExZTYtOGY4OC0zNDM2M2JjN2M0YzAiOnsiY3JlYXRlIjozMDAwMDAwMDAwMDAsImRlbGV0ZSI6MzAwMDAwMDAwMDAwLCJ1cGRhdGUiOjEyMDAwMDAwMDAwMH19",
          "dependencies": [
            "module.networking.aws_internet_gateway.internet_gw",
            "module.networking.aws_route_table.public",
            "module.networking.aws_vpc.main_vpc"
          ]
        }
      ]
    },
    {
      "module": "module.networking",
      "mode": "managed",
      "type": "aws_route_table",
      "name": "private",
      "provider": "provider[\"registry.terraform.io/hashicorp/aws\"]",
      "instances": [
        {
          "schema_version": 0,
          "attributes": {
            "arn": "arn:aws:ec2:us-east-1:767397724303:route-table/rtb-07363d3f0ec26e1ae",
            "id": "rtb-07363d3f0ec26e1ae",
            "owner_id": "767397724303",
            "propagating_vgws": [],
            "route": [
              {
                "carrier_gateway_id": "",
                "cidr_block": "0.0.0.0/0",
                "core_network_arn": "",
                "destination_prefix_list_id": "",
                "egress_only_gateway_id": "",
                "gateway_id": "",
                "ipv6_cidr_block": "",
                "local_gateway_id": "",
                "nat_gateway_id": "nat-04d29e635c086f09e",
                "network_interface_id": "",
                "transit_gateway_id": "",
                "vpc_endpoint_id": "",
                "vpc_peering_connection_id": ""
              }
            ],
            "tags": {
              "Name": "private_route_table"
            },
            "tags_all": {
              "Name": "private_route_table"
            },
            "timeouts": null,
            "vpc_id": "vpc-06c662aa27eb53332"
          },
          "sensitive_attributes": [],
          "private": "eyJlMmJmYjczMC1lY2FhLTExZTYtOGY4OC0zNDM2M2JjN2M0YzAiOnsiY3JlYXRlIjozMDAwMDAwMDAwMDAsImRlbGV0ZSI6MzAwMDAwMDAwMDAwLCJ1cGRhdGUiOjEyMDAwMDAwMDAwMH19",
          "dependencies": [
            "module.networking.aws_vpc.main_vpc"
          ]
        }
      ]
    },
    {
      "module": "module.networking",
      "mode": "managed",
      "type": "aws_route_table",
      "name": "public",
      "provider": "provider[\"registry.terraform.io/hashicorp/aws\"]",
      "instances": [
        {
          "schema_version": 0,
          "attributes": {
            "arn": "arn:aws:ec2:us-east-1:767397724303:route-table/rtb-0bafe74f7600ebee9",
            "id": "rtb-0bafe74f7600ebee9",
            "owner_id": "767397724303",
            "propagating_vgws": [],
            "route": [
              {
                "carrier_gateway_id": "",
                "cidr_block": "0.0.0.0/0",
                "core_network_arn": "",
                "destination_prefix_list_id": "",
                "egress_only_gateway_id": "",
                "gateway_id": "igw-0860e52a1bb5c94c4",
                "ipv6_cidr_block": "",
                "local_gateway_id": "",
                "nat_gateway_id": "",
                "network_interface_id": "",
                "transit_gateway_id": "",
                "vpc_endpoint_id": "",
                "vpc_peering_connection_id": ""
              }
            ],
            "tags": {
              "Name": "public_route_table"
            },
            "tags_all": {
              "Name": "public_route_table"
            },
            "timeouts": null,
            "vpc_id": "vpc-06c662aa27eb53332"
          },
          "sensitive_attributes": [],
          "private": "eyJlMmJmYjczMC1lY2FhLTExZTYtOGY4OC0zNDM2M2JjN2M0YzAiOnsiY3JlYXRlIjozMDAwMDAwMDAwMDAsImRlbGV0ZSI6MzAwMDAwMDAwMDAwLCJ1cGRhdGUiOjEyMDAwMDAwMDAwMH19",
          "dependencies": [
            "module.networking.aws_vpc.main_vpc"
          ]
        }
      ]
    },
    {
      "module": "module.networking",
      "mode": "managed",
      "type": "aws_route_table_association",
      "name": "private",
      "provider": "provider[\"registry.terraform.io/hashicorp/aws\"]",
      "instances": [
        {
          "index_key": 0,
          "schema_version": 0,
          "attributes": {
            "gateway_id": "",
            "id": "rtbassoc-02c5addba7df12621",
            "route_table_id": "rtb-07363d3f0ec26e1ae",
            "subnet_id": "subnet-0f0e8649554bc05d3",
            "timeouts": null
          },
          "sensitive_attributes": [],
          "private": "eyJlMmJmYjczMC1lY2FhLTExZTYtOGY4OC0zNDM2M2JjN2M0YzAiOnsiY3JlYXRlIjozMDAwMDAwMDAwMDAsImRlbGV0ZSI6MzAwMDAwMDAwMDAwLCJ1cGRhdGUiOjEyMDAwMDAwMDAwMH19",
          "dependencies": [
            "module.networking.aws_route_table.private",
            "module.networking.aws_subnet.private",
            "module.networking.aws_vpc.main_vpc"
          ]
        },
        {
          "index_key": 1,
          "schema_version": 0,
          "attributes": {
            "gateway_id": "",
            "id": "rtbassoc-08fe66a918940bbfe",
            "route_table_id": "rtb-07363d3f0ec26e1ae",
            "subnet_id": "subnet-04554d334bf618494",
            "timeouts": null
          },
          "sensitive_attributes": [],
          "private": "eyJlMmJmYjczMC1lY2FhLTExZTYtOGY4OC0zNDM2M2JjN2M0YzAiOnsiY3JlYXRlIjozMDAwMDAwMDAwMDAsImRlbGV0ZSI6MzAwMDAwMDAwMDAwLCJ1cGRhdGUiOjEyMDAwMDAwMDAwMH19",
          "dependencies": [
            "module.networking.aws_route_table.private",
            "module.networking.aws_subnet.private",
            "module.networking.aws_vpc.main_vpc"
          ]
        },
        {
          "index_key": 2,
          "schema_version": 0,
          "attributes": {
            "gateway_id": "",
            "id": "rtbassoc-08ebd9575950ac3d4",
            "route_table_id": "rtb-07363d3f0ec26e1ae",
            "subnet_id": "subnet-0da13b6415df8bc34",
            "timeouts": null
          },
          "sensitive_attributes": [],
          "private": "eyJlMmJmYjczMC1lY2FhLTExZTYtOGY4OC0zNDM2M2JjN2M0YzAiOnsiY3JlYXRlIjozMDAwMDAwMDAwMDAsImRlbGV0ZSI6MzAwMDAwMDAwMDAwLCJ1cGRhdGUiOjEyMDAwMDAwMDAwMH19",
          "dependencies": [
            "module.networking.aws_route_table.private",
            "module.networking.aws_subnet.private",
            "module.networking.aws_vpc.main_vpc"
          ]
        }
      ]
    },
    {
      "module": "module.networking",
      "mode": "managed",
      "type": "aws_route_table_association",
      "name": "public",
      "provider": "provider[\"registry.terraform.io/hashicorp/aws\"]",
      "instances": [
        {
          "index_key": 0,
          "schema_version": 0,
          "attributes": {
            "gateway_id": "",
            "id": "rtbassoc-0f98476140ad66006",
            "route_table_id": "rtb-0bafe74f7600ebee9",
            "subnet_id": "subnet-0df32371093fc81b1",
            "timeouts": null
          },
          "sensitive_attributes": [],
          "private": "eyJlMmJmYjczMC1lY2FhLTExZTYtOGY4OC0zNDM2M2JjN2M0YzAiOnsiY3JlYXRlIjozMDAwMDAwMDAwMDAsImRlbGV0ZSI6MzAwMDAwMDAwMDAwLCJ1cGRhdGUiOjEyMDAwMDAwMDAwMH19",
          "dependencies": [
            "module.networking.aws_route_table.public",
            "module.networking.aws_subnet.public",
            "module.networking.aws_vpc.main_vpc"
          ]
        }
      ]
    },
    {
      "module": "module.networking",
      "mode": "managed",
      "type": "aws_subnet",
      "name": "private",
      "provider": "provider[\"registry.terraform.io/hashicorp/aws\"]",
      "instances": [
        {
          "index_key": 0,
          "schema_version": 1,
          "attributes": {
            "arn": "arn:aws:ec2:us-east-1:767397724303:subnet/subnet-0f0e8649554bc05d3",
            "assign_ipv6_address_on_creation": false,
            "availability_zone": "us-east-1a",
            "availability_zone_id": "use1-az6",
            "cidr_block": "10.0.11.0/24",
            "customer_owned_ipv4_pool": "",
            "enable_dns64": false,
            "enable_lni_at_device_index": 0,
            "enable_resource_name_dns_a_record_on_launch": false,
            "enable_resource_name_dns_aaaa_record_on_launch": false,
            "id": "subnet-0f0e8649554bc05d3",
            "ipv6_cidr_block": "",
            "ipv6_cidr_block_association_id": "",
            "ipv6_native": false,
            "map_customer_owned_ip_on_launch": false,
            "map_public_ip_on_launch": false,
            "outpost_arn": "",
            "owner_id": "767397724303",
            "private_dns_hostname_type_on_launch": "ip-name",
            "tags": {
              "Name": "private_subnet_1"
            },
            "tags_all": {
              "Name": "private_subnet_1"
            },
            "timeouts": null,
            "vpc_id": "vpc-06c662aa27eb53332"
          },
          "sensitive_attributes": [],
          "private": "eyJlMmJmYjczMC1lY2FhLTExZTYtOGY4OC0zNDM2M2JjN2M0YzAiOnsiY3JlYXRlIjo2MDAwMDAwMDAwMDAsImRlbGV0ZSI6MTIwMDAwMDAwMDAwMH0sInNjaGVtYV92ZXJzaW9uIjoiMSJ9",
          "dependencies": [
            "module.networking.aws_vpc.main_vpc"
          ]
        },
        {
          "index_key": 1,
          "schema_version": 1,
          "attributes": {
            "arn": "arn:aws:ec2:us-east-1:767397724303:subnet/subnet-04554d334bf618494",
            "assign_ipv6_address_on_creation": false,
            "availability_zone": "us-east-1b",
            "availability_zone_id": "use1-az1",
            "cidr_block": "10.0.12.0/24",
            "customer_owned_ipv4_pool": "",
            "enable_dns64": false,
            "enable_lni_at_device_index": 0,
            "enable_resource_name_dns_a_record_on_launch": false,
            "enable_resource_name_dns_aaaa_record_on_launch": false,
            "id": "subnet-04554d334bf618494",
            "ipv6_cidr_block": "",
            "ipv6_cidr_block_association_id": "",
            "ipv6_native": false,
            "map_customer_owned_ip_on_launch": false,
            "map_public_ip_on_launch": false,
            "outpost_arn": "",
            "owner_id": "767397724303",
            "private_dns_hostname_type_on_launch": "ip-name",
            "tags": {
              "Name": "private_subnet_2"
            },
            "tags_all": {
              "Name": "private_subnet_2"
            },
            "timeouts": null,
            "vpc_id": "vpc-06c662aa27eb53332"
          },
          "sensitive_attributes": [],
          "private": "eyJlMmJmYjczMC1lY2FhLTExZTYtOGY4OC0zNDM2M2JjN2M0YzAiOnsiY3JlYXRlIjo2MDAwMDAwMDAwMDAsImRlbGV0ZSI6MTIwMDAwMDAwMDAwMH0sInNjaGVtYV92ZXJzaW9uIjoiMSJ9",
          "dependencies": [
            "module.networking.aws_vpc.main_vpc"
          ]
        },
        {
          "index_key": 2,
          "schema_version": 1,
          "attributes": {
            "arn": "arn:aws:ec2:us-east-1:767397724303:subnet/subnet-0da13b6415df8bc34",
            "assign_ipv6_address_on_creation": false,
            "availability_zone": "us-east-1c",
            "availability_zone_id": "use1-az2",
            "cidr_block": "10.0.13.0/24",
            "customer_owned_ipv4_pool": "",
            "enable_dns64": false,
            "enable_lni_at_device_index": 0,
            "enable_resource_name_dns_a_record_on_launch": false,
            "enable_resource_name_dns_aaaa_record_on_launch": false,
            "id": "subnet-0da13b6415df8bc34",
            "ipv6_cidr_block": "",
            "ipv6_cidr_block_association_id": "",
            "ipv6_native": false,
            "map_customer_owned_ip_on_launch": false,
            "map_public_ip_on_launch": false,
            "outpost_arn": "",
            "owner_id": "767397724303",
            "private_dns_hostname_type_on_launch": "ip-name",
            "tags": {
              "Name": "private_subnet_3"
            },
            "tags_all": {
              "Name": "private_subnet_3"
            },
            "timeouts": null,
            "vpc_id": "vpc-06c662aa27eb53332"
          },
          "sensitive_attributes": [],
          "private": "eyJlMmJmYjczMC1lY2FhLTExZTYtOGY4OC0zNDM2M2JjN2M0YzAiOnsiY3JlYXRlIjo2MDAwMDAwMDAwMDAsImRlbGV0ZSI6MTIwMDAwMDAwMDAwMH0sInNjaGVtYV92ZXJzaW9uIjoiMSJ9",
          "dependencies": [
            "module.networking.aws_vpc.main_vpc"
          ]
        }
      ]
    },
    {
      "module": "module.networking",
      "mode": "managed",
      "type": "aws_subnet",
      "name": "public",
      "provider": "provider[\"registry.terraform.io/hashicorp/aws\"]",
      "instances": [
        {
          "index_key": 0,
          "schema_version": 1,
          "attributes": {
            "arn": "arn:aws:ec2:us-east-1:767397724303:subnet/subnet-0df32371093fc81b1",
            "assign_ipv6_address_on_creation": false,
            "availability_zone": "us-east-1a",
            "availability_zone_id": "use1-az6",
            "cidr_block": "10.0.1.0/24",
            "customer_owned_ipv4_pool": "",
            "enable_dns64": false,
            "enable_lni_at_device_index": 0,
            "enable_resource_name_dns_a_record_on_launch": false,
            "enable_resource_name_dns_aaaa_record_on_launch": false,
            "id": "subnet-0df32371093fc81b1",
            "ipv6_cidr_block": "",
            "ipv6_cidr_block_association_id": "",
            "ipv6_native": false,
            "map_customer_owned_ip_on_launch": false,
            "map_public_ip_on_launch": true,
            "outpost_arn": "",
            "owner_id": "767397724303",
            "private_dns_hostname_type_on_launch": "ip-name",
            "tags": {
              "Name": "public_subnet_1"
            },
            "tags_all": {
              "Name": "public_subnet_1"
            },
            "timeouts": null,
            "vpc_id": "vpc-06c662aa27eb53332"
          },
          "sensitive_attributes": [],
          "private": "eyJlMmJmYjczMC1lY2FhLTExZTYtOGY4OC0zNDM2M2JjN2M0YzAiOnsiY3JlYXRlIjo2MDAwMDAwMDAwMDAsImRlbGV0ZSI6MTIwMDAwMDAwMDAwMH0sInNjaGVtYV92ZXJzaW9uIjoiMSJ9",
          "dependencies": [
            "module.networking.aws_vpc.main_vpc"
          ]
        }
      ]
    },
    {
      "module": "module.networking",
      "mode": "managed",
      "type": "aws_vpc",
      "name": "main_vpc",
      "provider": "provider[\"registry.terraform.io/hashicorp/aws\"]",
      "instances": [
        {
          "schema_version": 1,
          "attributes": {
            "arn": "arn:aws:ec2:us-east-1:767397724303:vpc/vpc-06c662aa27eb53332",
            "assign_generated_ipv6_cidr_block": false,
            "cidr_block": "10.0.0.0/16",
            "default_network_acl_id": "acl-018cf384a933f1a0d",
            "default_route_table_id": "rtb-08086b30ff862e330",
            "default_security_group_id": "sg-0aec89ecd2e7a7293",
            "dhcp_options_id": "dopt-062387cf0abdda129",
            "enable_dns_hostnames": false,
            "enable_dns_support": true,
            "enable_network_address_usage_metrics": false,
            "id": "vpc-06c662aa27eb53332",
            "instance_tenancy": "default",
            "ipv4_ipam_pool_id": null,
            "ipv4_netmask_length": null,
            "ipv6_association_id": "",
            "ipv6_cidr_block": "",
            "ipv6_cidr_block_network_border_group": "",
            "ipv6_ipam_pool_id": "",
            "ipv6_netmask_length": 0,
            "main_route_table_id": "rtb-08086b30ff862e330",
            "owner_id": "767397724303",
            "tags": {
              "Name": "main_vpc"
            },
            "tags_all": {
              "Name": "main_vpc"
            }
          },
          "sensitive_attributes": [],
          "private": "eyJzY2hlbWFfdmVyc2lvbiI6IjEifQ==",
          "create_before_destroy": true
        }
      ]
    },
    {
      "module": "module.security_groups",
      "mode": "managed",
      "type": "aws_security_group",
      "name": "private_security_group",
      "provider": "provider[\"registry.terraform.io/hashicorp/aws\"]",
      "instances": [
        {
          "schema_version": 1,
          "attributes": {
            "arn": "arn:aws:ec2:us-east-1:767397724303:security-group/sg-0b6fad10563a97804",
            "description": "Allow SSH and HTTP inbound traffic from Nginx Host",
            "egress": [
              {
                "cidr_blocks": [
                  "0.0.0.0/0"
                ],
                "description": "",
                "from_port": 0,
                "ipv6_cidr_blocks": [],
                "prefix_list_ids": [],
                "protocol": "-1",
                "security_groups": [],
                "self": false,
                "to_port": 0
              }
            ],
            "id": "sg-0b6fad10563a97804",
            "ingress": [
              {
                "cidr_blocks": [],
                "description": "",
                "from_port": 22,
                "ipv6_cidr_blocks": [],
                "prefix_list_ids": [],
                "protocol": "tcp",
                "security_groups": [
                  "sg-083f5a6c4787cbc3b"
                ],
                "self": false,
                "to_port": 22
              },
              {
                "cidr_blocks": [],
                "description": "",
                "from_port": 80,
                "ipv6_cidr_blocks": [],
                "prefix_list_ids": [],
                "protocol": "tcp",
                "security_groups": [
                  "sg-083f5a6c4787cbc3b"
                ],
                "self": false,
                "to_port": 80
              }
            ],
            "name": "web_servers_security_grp",
            "name_prefix": "",
            "owner_id": "767397724303",
            "revoke_rules_on_delete": false,
            "tags": {},
            "tags_all": {},
            "timeouts": null,
            "vpc_id": "vpc-06c662aa27eb53332"
          },
          "sensitive_attributes": [],
          "private": "eyJlMmJmYjczMC1lY2FhLTExZTYtOGY4OC0zNDM2M2JjN2M0YzAiOnsiY3JlYXRlIjo2MDAwMDAwMDAwMDAsImRlbGV0ZSI6OTAwMDAwMDAwMDAwfSwic2NoZW1hX3ZlcnNpb24iOiIxIn0=",
          "dependencies": [
            "module.networking.aws_vpc.main_vpc",
            "module.security_groups.aws_security_group.public_security_group"
          ]
        }
      ]
    },
    {
      "module": "module.security_groups",
      "mode": "managed",
      "type": "aws_security_group",
      "name": "public_security_group",
      "provider": "provider[\"registry.terraform.io/hashicorp/aws\"]",
      "instances": [
        {
          "schema_version": 1,
          "attributes": {
            "arn": "arn:aws:ec2:us-east-1:767397724303:security-group/sg-083f5a6c4787cbc3b",
            "description": "Allow SSH  and HTTP inbound traffic to nginx server",
            "egress": [
              {
                "cidr_blocks": [
                  "0.0.0.0/0"
                ],
                "description": "",
                "from_port": 0,
                "ipv6_cidr_blocks": [],
                "prefix_list_ids": [],
                "protocol": "-1",
                "security_groups": [],
                "self": false,
                "to_port": 0
              }
            ],
            "id": "sg-083f5a6c4787cbc3b",
            "ingress": [
              {
                "cidr_blocks": [
                  "0.0.0.0/0"
                ],
                "description": "",
                "from_port": 22,
                "ipv6_cidr_blocks": [],
                "prefix_list_ids": [],
                "protocol": "tcp",
                "security_groups": [],
                "self": false,
                "to_port": 22
              },
              {
                "cidr_blocks": [
                  "0.0.0.0/0"
                ],
                "description": "",
                "from_port": 80,
                "ipv6_cidr_blocks": [],
                "prefix_list_ids": [],
                "protocol": "tcp",
                "security_groups": [],
                "self": false,
                "to_port": 80
              }
            ],
            "name": "nginx_server_security_grp",
            "name_prefix": "",
            "owner_id": "767397724303",
            "revoke_rules_on_delete": false,
            "tags": {},
            "tags_all": {},
            "timeouts": null,
            "vpc_id": "vpc-06c662aa27eb53332"
          },
          "sensitive_attributes": [],
          "private": "eyJlMmJmYjczMC1lY2FhLTExZTYtOGY4OC0zNDM2M2JjN2M0YzAiOnsiY3JlYXRlIjo2MDAwMDAwMDAwMDAsImRlbGV0ZSI6OTAwMDAwMDAwMDAwfSwic2NoZW1hX3ZlcnNpb24iOiIxIn0=",
          "dependencies": [
            "module.networking.aws_vpc.main_vpc"
          ]
        }
      ]
    }
  ],
  "check_results": null
}
